
Microsoft Visual Studio Solution File, Format Version 12.00
# Visual Studio Version 17
VisualStudioVersion = 17.8.34330.188
MinimumVisualStudioVersion = 10.0.40219.1
Project("{FAE04EC0-301F-11D3-BF4B-00C04F79EFBC}") = "Api", "Api\Api.csproj", "{08E5A841-B08B-4C44-8917-B60319096049}"
EndProject
Global
	GlobalSection(SolutionConfigurationPlatforms) = preSolution
		Debug|Any CPU = Debug|Any CPU
		Release|Any CPU = Release|Any CPU
	EndGlobalSection
	GlobalSection(ProjectConfigurationPlatforms) = postSolution
		{08E5A841-B08B-4C44-8917-B60319096049}.Debug|Any CPU.ActiveCfg = Debug|Any CPU
		{08E5A841-B08B-4C44-8917-B60319096049}.Debug|Any CPU.Build.0 = Debug|Any CPU
		{08E5A841-B08B-4C44-8917-B60319096049}.Release|Any CPU.ActiveCfg = Release|Any CPU
		{08E5A841-B08B-4C44-8917-B60319096049}.Release|Any CPU.Build.0 = Release|Any CPU
	EndGlobalSection
	GlobalSection(SolutionProperties) = preSolution
		HideSolutionNode = FALSE
	EndGlobalSection
	GlobalSection(ExtensibilityGlobals) = postSolution
		SolutionGuid = {075C6333-67DC-47E4-8B23-90FE246D41D6}
	EndGlobalSection
EndGlobal
